
Microsoft Visual Studio Solution File, Format Version 12.00
# Visual Studio Version 17
VisualStudioVersion = 17.8.34511.84
MinimumVisualStudioVersion = 10.0.40219.1
Project("{9A19103F-16F7-4668-BE54-9A1E7A4F7556}") = "StudentAdmissionManagement", "StudentAdmissionManagement\StudentAdmissionManagement.csproj", "{B04B5F66-106C-449A-B808-4874F88E77E8}"
EndProject
Project("{9A19103F-16F7-4668-BE54-9A1E7A4F7556}") = "StudentAttendanceManagement", "StudentAttendanceManagement\StudentAttendanceManagement.csproj", "{5DC16A0A-95DB-422D-984F-113B655C44D9}"
EndProject
Project("{9A19103F-16F7-4668-BE54-9A1E7A4F7556}") = "SchoolAPIGateway", "SchoolAPIGateway\SchoolAPIGateway.csproj", "{8F114D34-588A-4E11-BBA5-FE45D6EA8198}"
EndProject
Global
	GlobalSection(SolutionConfigurationPlatforms) = preSolution
		Debug|Any CPU = Debug|Any CPU
		Release|Any CPU = Release|Any CPU
	EndGlobalSection
	GlobalSection(ProjectConfigurationPlatforms) = postSolution
		{B04B5F66-106C-449A-B808-4874F88E77E8}.Debug|Any CPU.ActiveCfg = Debug|Any CPU
		{B04B5F66-106C-449A-B808-4874F88E77E8}.Debug|Any CPU.Build.0 = Debug|Any CPU
		{B04B5F66-106C-449A-B808-4874F88E77E8}.Release|Any CPU.ActiveCfg = Release|Any CPU
		{B04B5F66-106C-449A-B808-4874F88E77E8}.Release|Any CPU.Build.0 = Release|Any CPU
		{5DC16A0A-95DB-422D-984F-113B655C44D9}.Debug|Any CPU.ActiveCfg = Debug|Any CPU
		{5DC16A0A-95DB-422D-984F-113B655C44D9}.Debug|Any CPU.Build.0 = Debug|Any CPU
		{5DC16A0A-95DB-422D-984F-113B655C44D9}.Release|Any CPU.ActiveCfg = Release|Any CPU
		{5DC16A0A-95DB-422D-984F-113B655C44D9}.Release|Any CPU.Build.0 = Release|Any CPU
		{8F114D34-588A-4E11-BBA5-FE45D6EA8198}.Debug|Any CPU.ActiveCfg = Debug|Any CPU
		{8F114D34-588A-4E11-BBA5-FE45D6EA8198}.Debug|Any CPU.Build.0 = Debug|Any CPU
		{8F114D34-588A-4E11-BBA5-FE45D6EA8198}.Release|Any CPU.ActiveCfg = Release|Any CPU
		{8F114D34-588A-4E11-BBA5-FE45D6EA8198}.Release|Any CPU.Build.0 = Release|Any CPU
	EndGlobalSection
	GlobalSection(SolutionProperties) = preSolution
		HideSolutionNode = FALSE
	EndGlobalSection
	GlobalSection(ExtensibilityGlobals) = postSolution
		SolutionGuid = {F25B3D44-B0BE-46F5-A981-951212380FBC}
	EndGlobalSection
EndGlobal
